
Microsoft Visual Studio Solution File, Format Version 12.00
# Visual Studio 14
VisualStudioVersion = 14.0.25420.1
MinimumVisualStudioVersion = 10.0.40219.1
Project("{E24C65DC-7377-472B-9ABA-BC803B73C61A}") = "WebSite1(1)", "..\..\..\..\Documents\Visual Studio 2015\WebSites\WebSite1\", "{C857A2C9-DCF0-444D-AE3C-396EDAA6791D}"
	ProjectSection(WebsiteProperties) = preProject
		TargetFrameworkMoniker = ".NETFramework,Version%3Dv4.6.1"
		Debug.AspNetCompiler.VirtualPath = "/localhost_52929"
		Debug.AspNetCompiler.PhysicalPath = "..\..\..\..\Documents\Visual Studio 2015\WebSites\WebSite1\"
		Debug.AspNetCompiler.TargetPath = "PrecompiledWeb\localhost_52929\"
		Debug.AspNetCompiler.Updateable = "true"
		Debug.AspNetCompiler.ForceOverwrite = "true"
		Debug.AspNetCompiler.FixedNames = "false"
		Debug.AspNetCompiler.Debug = "True"
		Release.AspNetCompiler.VirtualPath = "/localhost_52929"
		Release.AspNetCompiler.PhysicalPath = "..\..\..\..\Documents\Visual Studio 2015\WebSites\WebSite1\"
		Release.AspNetCompiler.TargetPath = "PrecompiledWeb\localhost_52929\"
		Release.AspNetCompiler.Updateable = "true"
		Release.AspNetCompiler.ForceOverwrite = "true"
		Release.AspNetCompiler.FixedNames = "false"
		Release.AspNetCompiler.Debug = "False"
		VWDPort = "52929"
		SlnRelativePath = "..\..\..\..\Documents\Visual Studio 2015\WebSites\WebSite1\"
		DefaultWebSiteLanguage = "Visual C#"
	EndProjectSection
EndProject
Project("{E24C65DC-7377-472B-9ABA-BC803B73C61A}") = "Lesson2Images", "..\..\..\..\Documents\Visual Studio 2015\WebSites\Lesson2Images\", "{3759C7DC-55AB-4D8D-B78A-2A4C064625EE}"
	ProjectSection(WebsiteProperties) = preProject
		TargetFrameworkMoniker = ".NETFramework,Version%3Dv4.6.1"
		Debug.AspNetCompiler.VirtualPath = "/localhost_60375"
		Debug.AspNetCompiler.PhysicalPath = "..\..\..\..\Documents\Visual Studio 2015\WebSites\Lesson2Images\"
		Debug.AspNetCompiler.TargetPath = "PrecompiledWeb\localhost_60375\"
		Debug.AspNetCompiler.Updateable = "true"
		Debug.AspNetCompiler.ForceOverwrite = "true"
		Debug.AspNetCompiler.FixedNames = "false"
		Debug.AspNetCompiler.Debug = "True"
		Release.AspNetCompiler.VirtualPath = "/localhost_60375"
		Release.AspNetCompiler.PhysicalPath = "..\..\..\..\Documents\Visual Studio 2015\WebSites\Lesson2Images\"
		Release.AspNetCompiler.TargetPath = "PrecompiledWeb\localhost_60375\"
		Release.AspNetCompiler.Updateable = "true"
		Release.AspNetCompiler.ForceOverwrite = "true"
		Release.AspNetCompiler.FixedNames = "false"
		Release.AspNetCompiler.Debug = "False"
		VWDPort = "60375"
		SlnRelativePath = "..\..\..\..\Documents\Visual Studio 2015\WebSites\Lesson2Images\"
		DefaultWebSiteLanguage = "Visual C#"
	EndProjectSection
EndProject
Project("{E24C65DC-7377-472B-9ABA-BC803B73C61A}") = "Lesson3TablesLists", "..\..\..\..\Documents\Visual Studio 2015\WebSites\Lesson3TablesLists\", "{0D8626C6-C992-446F-A743-D3E0C741F96D}"
	ProjectSection(WebsiteProperties) = preProject
		TargetFrameworkMoniker = ".NETFramework,Version%3Dv4.6.1"
		Debug.AspNetCompiler.VirtualPath = "/localhost_59271"
		Debug.AspNetCompiler.PhysicalPath = "..\..\..\..\Documents\Visual Studio 2015\WebSites\Lesson3TablesLists\"
		Debug.AspNetCompiler.TargetPath = "PrecompiledWeb\localhost_59271\"
		Debug.AspNetCompiler.Updateable = "true"
		Debug.AspNetCompiler.ForceOverwrite = "true"
		Debug.AspNetCompiler.FixedNames = "false"
		Debug.AspNetCompiler.Debug = "True"
		Release.AspNetCompiler.VirtualPath = "/localhost_59271"
		Release.AspNetCompiler.PhysicalPath = "..\..\..\..\Documents\Visual Studio 2015\WebSites\Lesson3TablesLists\"
		Release.AspNetCompiler.TargetPath = "PrecompiledWeb\localhost_59271\"
		Release.AspNetCompiler.Updateable = "true"
		Release.AspNetCompiler.ForceOverwrite = "true"
		Release.AspNetCompiler.FixedNames = "false"
		Release.AspNetCompiler.Debug = "False"
		VWDPort = "59271"
		SlnRelativePath = "..\..\..\..\Documents\Visual Studio 2015\WebSites\Lesson3TablesLists\"
		DefaultWebSiteLanguage = "Visual C#"
	EndProjectSection
EndProject
Project("{E24C65DC-7377-472B-9ABA-BC803B73C61A}") = "Lesson4DivAndSpan", "..\..\..\..\Documents\Visual Studio 2015\WebSites\Lesson4DivAndSpan\", "{9EF0AA82-A90A-448D-9DBE-901997282AE5}"
	ProjectSection(WebsiteProperties) = preProject
		TargetFrameworkMoniker = ".NETFramework,Version%3Dv4.6.1"
		Debug.AspNetCompiler.VirtualPath = "/localhost_65106"
		Debug.AspNetCompiler.PhysicalPath = "..\..\..\..\Documents\Visual Studio 2015\WebSites\Lesson4DivAndSpan\"
		Debug.AspNetCompiler.TargetPath = "PrecompiledWeb\localhost_65106\"
		Debug.AspNetCompiler.Updateable = "true"
		Debug.AspNetCompiler.ForceOverwrite = "true"
		Debug.AspNetCompiler.FixedNames = "false"
		Debug.AspNetCompiler.Debug = "True"
		Release.AspNetCompiler.VirtualPath = "/localhost_65106"
		Release.AspNetCompiler.PhysicalPath = "..\..\..\..\Documents\Visual Studio 2015\WebSites\Lesson4DivAndSpan\"
		Release.AspNetCompiler.TargetPath = "PrecompiledWeb\localhost_65106\"
		Release.AspNetCompiler.Updateable = "true"
		Release.AspNetCompiler.ForceOverwrite = "true"
		Release.AspNetCompiler.FixedNames = "false"
		Release.AspNetCompiler.Debug = "False"
		VWDPort = "65106"
		SlnRelativePath = "..\..\..\..\Documents\Visual Studio 2015\WebSites\Lesson4DivAndSpan\"
		DefaultWebSiteLanguage = "Visual C#"
	EndProjectSection
EndProject
Project("{E24C65DC-7377-472B-9ABA-BC803B73C61A}") = "Lesson5CSS", "..\..\..\..\Documents\Visual Studio 2015\WebSites\Lesson5CSS\", "{2197C00C-94A1-471F-97F5-F980209BBA39}"
	ProjectSection(WebsiteProperties) = preProject
		TargetFrameworkMoniker = ".NETFramework,Version%3Dv4.6.1"
		Debug.AspNetCompiler.VirtualPath = "/localhost_63927"
		Debug.AspNetCompiler.PhysicalPath = "..\..\..\..\Documents\Visual Studio 2015\WebSites\Lesson5CSS\"
		Debug.AspNetCompiler.TargetPath = "PrecompiledWeb\localhost_63927\"
		Debug.AspNetCompiler.Updateable = "true"
		Debug.AspNetCompiler.ForceOverwrite = "true"
		Debug.AspNetCompiler.FixedNames = "false"
		Debug.AspNetCompiler.Debug = "True"
		Release.AspNetCompiler.VirtualPath = "/localhost_63927"
		Release.AspNetCompiler.PhysicalPath = "..\..\..\..\Documents\Visual Studio 2015\WebSites\Lesson5CSS\"
		Release.AspNetCompiler.TargetPath = "PrecompiledWeb\localhost_63927\"
		Release.AspNetCompiler.Updateable = "true"
		Release.AspNetCompiler.ForceOverwrite = "true"
		Release.AspNetCompiler.FixedNames = "false"
		Release.AspNetCompiler.Debug = "False"
		VWDPort = "63927"
		SlnRelativePath = "..\..\..\..\Documents\Visual Studio 2015\WebSites\Lesson5CSS\"
		DefaultWebSiteLanguage = "Visual C#"
	EndProjectSection
EndProject
Project("{E24C65DC-7377-472B-9ABA-BC803B73C61A}") = "Lesson6Meta", "..\..\..\..\Documents\Visual Studio 2015\WebSites\Lesson6Meta\", "{863B7E6F-10CD-4DA2-AD7E-1811F45410C4}"
	ProjectSection(WebsiteProperties) = preProject
		TargetFrameworkMoniker = ".NETFramework,Version%3Dv4.6.1"
		Debug.AspNetCompiler.VirtualPath = "/localhost_58665"
		Debug.AspNetCompiler.PhysicalPath = "..\..\..\..\Documents\Visual Studio 2015\WebSites\Lesson6Meta\"
		Debug.AspNetCompiler.TargetPath = "PrecompiledWeb\localhost_58665\"
		Debug.AspNetCompiler.Updateable = "true"
		Debug.AspNetCompiler.ForceOverwrite = "true"
		Debug.AspNetCompiler.FixedNames = "false"
		Debug.AspNetCompiler.Debug = "True"
		Release.AspNetCompiler.VirtualPath = "/localhost_58665"
		Release.AspNetCompiler.PhysicalPath = "..\..\..\..\Documents\Visual Studio 2015\WebSites\Lesson6Meta\"
		Release.AspNetCompiler.TargetPath = "PrecompiledWeb\localhost_58665\"
		Release.AspNetCompiler.Updateable = "true"
		Release.AspNetCompiler.ForceOverwrite = "true"
		Release.AspNetCompiler.FixedNames = "false"
		Release.AspNetCompiler.Debug = "False"
		VWDPort = "58665"
		SlnRelativePath = "..\..\..\..\Documents\Visual Studio 2015\WebSites\Lesson6Meta\"
		DefaultWebSiteLanguage = "Visual C#"
	EndProjectSection
EndProject
Global
	GlobalSection(SolutionConfigurationPlatforms) = preSolution
		Debug|Any CPU = Debug|Any CPU
	EndGlobalSection
	GlobalSection(ProjectConfigurationPlatforms) = postSolution
		{C857A2C9-DCF0-444D-AE3C-396EDAA6791D}.Debug|Any CPU.ActiveCfg = Debug|Any CPU
		{C857A2C9-DCF0-444D-AE3C-396EDAA6791D}.Debug|Any CPU.Build.0 = Debug|Any CPU
		{3759C7DC-55AB-4D8D-B78A-2A4C064625EE}.Debug|Any CPU.ActiveCfg = Debug|Any CPU
		{3759C7DC-55AB-4D8D-B78A-2A4C064625EE}.Debug|Any CPU.Build.0 = Debug|Any CPU
		{0D8626C6-C992-446F-A743-D3E0C741F96D}.Debug|Any CPU.ActiveCfg = Debug|Any CPU
		{0D8626C6-C992-446F-A743-D3E0C741F96D}.Debug|Any CPU.Build.0 = Debug|Any CPU
		{9EF0AA82-A90A-448D-9DBE-901997282AE5}.Debug|Any CPU.ActiveCfg = Debug|Any CPU
		{9EF0AA82-A90A-448D-9DBE-901997282AE5}.Debug|Any CPU.Build.0 = Debug|Any CPU
		{2197C00C-94A1-471F-97F5-F980209BBA39}.Debug|Any CPU.ActiveCfg = Debug|Any CPU
		{2197C00C-94A1-471F-97F5-F980209BBA39}.Debug|Any CPU.Build.0 = Debug|Any CPU
		{863B7E6F-10CD-4DA2-AD7E-1811F45410C4}.Debug|Any CPU.ActiveCfg = Debug|Any CPU
		{863B7E6F-10CD-4DA2-AD7E-1811F45410C4}.Debug|Any CPU.Build.0 = Debug|Any CPU
	EndGlobalSection
	GlobalSection(SolutionProperties) = preSolution
		HideSolutionNode = FALSE
	EndGlobalSection
EndGlobal
